
Microsoft Visual Studio Solution File, Format Version 12.00
Project("{FAE04EC0-301F-11D3-BF4B-00C04F79EFBC}") = "CodeWars", "CodeWars\CodeWars.csproj", "{70B4CEEB-1549-4AAB-917F-9C038419FBB9}"
EndProject
Global
	GlobalSection(SolutionConfigurationPlatforms) = preSolution
		Debug|Any CPU = Debug|Any CPU
		Release|Any CPU = Release|Any CPU
	EndGlobalSection
	GlobalSection(ProjectConfigurationPlatforms) = postSolution
		{70B4CEEB-1549-4AAB-917F-9C038419FBB9}.Debug|Any CPU.ActiveCfg = Debug|Any CPU
		{70B4CEEB-1549-4AAB-917F-9C038419FBB9}.Debug|Any CPU.Build.0 = Debug|Any CPU
		{70B4CEEB-1549-4AAB-917F-9C038419FBB9}.Release|Any CPU.ActiveCfg = Release|Any CPU
		{70B4CEEB-1549-4AAB-917F-9C038419FBB9}.Release|Any CPU.Build.0 = Release|Any CPU
	EndGlobalSection
EndGlobal
